
Microsoft Visual Studio Solution File, Format Version 12.00
# Visual Studio Version 17
VisualStudioVersion = 17.0.31912.275
MinimumVisualStudioVersion = 10.0.40219.1
Project("{2150E333-8FDC-42A3-9474-1A3956D46DE8}") = "src", "src", "{3ADAADE3-1D86-4C98-9777-3FD90F8358C1}"
EndProject
Project("{FAE04EC0-301F-11D3-BF4B-00C04F79EFBC}") = "HelloWorld", "src\HelloWorld\HelloWorld.csproj", "{83597CD1-6DFB-4C9F-B762-40A331C845D4}"
EndProject
Global
	GlobalSection(SolutionConfigurationPlatforms) = preSolution
		Debug|Any CPU = Debug|Any CPU
		Release|Any CPU = Release|Any CPU
	EndGlobalSection
	GlobalSection(ProjectConfigurationPlatforms) = postSolution
		{83597CD1-6DFB-4C9F-B762-40A331C845D4}.Debug|Any CPU.ActiveCfg = Debug|Any CPU
		{83597CD1-6DFB-4C9F-B762-40A331C845D4}.Debug|Any CPU.Build.0 = Debug|Any CPU
		{83597CD1-6DFB-4C9F-B762-40A331C845D4}.Release|Any CPU.ActiveCfg = Release|Any CPU
		{83597CD1-6DFB-4C9F-B762-40A331C845D4}.Release|Any CPU.Build.0 = Release|Any CPU
	EndGlobalSection
	GlobalSection(SolutionProperties) = preSolution
		HideSolutionNode = FALSE
	EndGlobalSection
	GlobalSection(NestedProjects) = preSolution
		{83597CD1-6DFB-4C9F-B762-40A331C845D4} = {3ADAADE3-1D86-4C98-9777-3FD90F8358C1}
	EndGlobalSection
	GlobalSection(ExtensibilityGlobals) = postSolution
		SolutionGuid = {92495348-5199-4730-A373-706D7F9CF563}
	EndGlobalSection
EndGlobal
